
Microsoft Visual Studio Solution File, Format Version 12.00
# Visual Studio Version 17
VisualStudioVersion = 17.6.33801.468
MinimumVisualStudioVersion = 10.0.40219.1
Project("{FAE04EC0-301F-11D3-BF4B-00C04F79EFBC}") = "ExcelConverterProject", "ExcelConverterProject\ExcelConverterProject.csproj", "{AAE528B6-CA2E-42C8-A346-9992C4E149F7}"
EndProject
Global
	GlobalSection(SolutionConfigurationPlatforms) = preSolution
		Debug|Any CPU = Debug|Any CPU
		Release|Any CPU = Release|Any CPU
	EndGlobalSection
	GlobalSection(ProjectConfigurationPlatforms) = postSolution
		{AAE528B6-CA2E-42C8-A346-9992C4E149F7}.Debug|Any CPU.ActiveCfg = Debug|Any CPU
		{AAE528B6-CA2E-42C8-A346-9992C4E149F7}.Debug|Any CPU.Build.0 = Debug|Any CPU
		{AAE528B6-CA2E-42C8-A346-9992C4E149F7}.Release|Any CPU.ActiveCfg = Release|Any CPU
		{AAE528B6-CA2E-42C8-A346-9992C4E149F7}.Release|Any CPU.Build.0 = Release|Any CPU
	EndGlobalSection
	GlobalSection(SolutionProperties) = preSolution
		HideSolutionNode = FALSE
	EndGlobalSection
	GlobalSection(ExtensibilityGlobals) = postSolution
		SolutionGuid = {2F3497CE-F693-4F60-BA21-C7C9718B3305}
	EndGlobalSection
EndGlobal
